
Microsoft Visual Studio Solution File, Format Version 12.00
# Visual Studio Version 17
VisualStudioVersion = 17.5.002.0
MinimumVisualStudioVersion = 10.0.40219.1
Project("{9A19103F-16F7-4668-BE54-9A1E7A4F7556}") = "NNDBaiThiLai", "NNDBaiThiLai.csproj", "{02B5056B-7DA5-4975-AE33-24ED8341D77D}"
EndProject
Global
	GlobalSection(SolutionConfigurationPlatforms) = preSolution
		Debug|Any CPU = Debug|Any CPU
		Release|Any CPU = Release|Any CPU
	EndGlobalSection
	GlobalSection(ProjectConfigurationPlatforms) = postSolution
		{02B5056B-7DA5-4975-AE33-24ED8341D77D}.Debug|Any CPU.ActiveCfg = Debug|Any CPU
		{02B5056B-7DA5-4975-AE33-24ED8341D77D}.Debug|Any CPU.Build.0 = Debug|Any CPU
		{02B5056B-7DA5-4975-AE33-24ED8341D77D}.Release|Any CPU.ActiveCfg = Release|Any CPU
		{02B5056B-7DA5-4975-AE33-24ED8341D77D}.Release|Any CPU.Build.0 = Release|Any CPU
	EndGlobalSection
	GlobalSection(SolutionProperties) = preSolution
		HideSolutionNode = FALSE
	EndGlobalSection
	GlobalSection(ExtensibilityGlobals) = postSolution
		SolutionGuid = {08D8B01C-B2AD-413A-9E52-64FD2C7C7B93}
	EndGlobalSection
EndGlobal
